
Microsoft Visual Studio Solution File, Format Version 12.00
# Visual Studio Version 16
VisualStudioVersion = 16.0.32002.261
MinimumVisualStudioVersion = 10.0.40219.1
Project("{2150E333-8FDC-42A3-9474-1A3956D46DE8}") = "1Git", "1Git", "{2C9D4489-AE31-4DDA-97A7-E66A252A6909}"
EndProject
Project("{9A19103F-16F7-4668-BE54-9A1E7A4F7556}") = "GIT", "1Git\GIT\GIT.csproj", "{35E0450C-1ABD-4163-9C56-44BC338F2F4F}"
EndProject
Project("{2150E333-8FDC-42A3-9474-1A3956D46DE8}") = "2Introduction .net", "2Introduction .net", "{159C018F-F493-417F-A7E7-3F2DB06C971D}"
EndProject
Project("{FAE04EC0-301F-11D3-BF4B-00C04F79EFBC}") = "NetCoreConsole", "2Introduction .net\NetCoreConsole\NetCoreConsole.csproj", "{38D45655-FDE1-48F7-96D3-B19417C30218}"
EndProject
<<<<<<< HEAD
Project("{FAE04EC0-301F-11D3-BF4B-00C04F79EFBC}") = "NetFrameworkWpf", "2Introduction .net\NetFrameworkWpf\NetFrameworkWpf.csproj", "{7CD44860-4BA7-4C4D-8708-F0D641A0F0DC}"
=======
Project("{9A19103F-16F7-4668-BE54-9A1E7A4F7556}") = "Multitargeting", "2Introduction .net\Multitargeting\Multitargeting.csproj", "{D5BFDAD7-8F74-4CA7-867B-FE8CCC822546}"
EndProject
Project("{9A19103F-16F7-4668-BE54-9A1E7A4F7556}") = "Multitargeting2", "2Introduction .net\Multitargeting2\Multitargeting2.csproj", "{BE7F4FC6-01C8-40B2-9E25-5065EF1D8C44}"
EndProject
Project("{FAE04EC0-301F-11D3-BF4B-00C04F79EFBC}") = "MultitargetingStandart2.0", "2Introduction .net\MultitargetingStandart2.0\MultitargetingStandart2.0.csproj", "{8A6A29D6-8721-4A95-858D-BAD18F4F6F5D}"
>>>>>>> e28c0e1 (Создал библиотеку net standart 2.0)
EndProject
Global
	GlobalSection(SolutionConfigurationPlatforms) = preSolution
		Debug|Any CPU = Debug|Any CPU
		Release|Any CPU = Release|Any CPU
	EndGlobalSection
	GlobalSection(ProjectConfigurationPlatforms) = postSolution
		{35E0450C-1ABD-4163-9C56-44BC338F2F4F}.Debug|Any CPU.ActiveCfg = Debug|Any CPU
		{35E0450C-1ABD-4163-9C56-44BC338F2F4F}.Debug|Any CPU.Build.0 = Debug|Any CPU
		{35E0450C-1ABD-4163-9C56-44BC338F2F4F}.Release|Any CPU.ActiveCfg = Release|Any CPU
		{35E0450C-1ABD-4163-9C56-44BC338F2F4F}.Release|Any CPU.Build.0 = Release|Any CPU
		{38D45655-FDE1-48F7-96D3-B19417C30218}.Debug|Any CPU.ActiveCfg = Debug|Any CPU
		{38D45655-FDE1-48F7-96D3-B19417C30218}.Debug|Any CPU.Build.0 = Debug|Any CPU
		{38D45655-FDE1-48F7-96D3-B19417C30218}.Release|Any CPU.ActiveCfg = Release|Any CPU
		{38D45655-FDE1-48F7-96D3-B19417C30218}.Release|Any CPU.Build.0 = Release|Any CPU
<<<<<<< HEAD
		{7CD44860-4BA7-4C4D-8708-F0D641A0F0DC}.Debug|Any CPU.ActiveCfg = Debug|Any CPU
		{7CD44860-4BA7-4C4D-8708-F0D641A0F0DC}.Debug|Any CPU.Build.0 = Debug|Any CPU
		{7CD44860-4BA7-4C4D-8708-F0D641A0F0DC}.Release|Any CPU.ActiveCfg = Release|Any CPU
		{7CD44860-4BA7-4C4D-8708-F0D641A0F0DC}.Release|Any CPU.Build.0 = Release|Any CPU
=======
		{D5BFDAD7-8F74-4CA7-867B-FE8CCC822546}.Debug|Any CPU.ActiveCfg = Debug|Any CPU
		{D5BFDAD7-8F74-4CA7-867B-FE8CCC822546}.Debug|Any CPU.Build.0 = Debug|Any CPU
		{D5BFDAD7-8F74-4CA7-867B-FE8CCC822546}.Release|Any CPU.ActiveCfg = Release|Any CPU
		{D5BFDAD7-8F74-4CA7-867B-FE8CCC822546}.Release|Any CPU.Build.0 = Release|Any CPU
		{BE7F4FC6-01C8-40B2-9E25-5065EF1D8C44}.Debug|Any CPU.ActiveCfg = Debug|Any CPU
		{BE7F4FC6-01C8-40B2-9E25-5065EF1D8C44}.Debug|Any CPU.Build.0 = Debug|Any CPU
		{BE7F4FC6-01C8-40B2-9E25-5065EF1D8C44}.Release|Any CPU.ActiveCfg = Release|Any CPU
		{BE7F4FC6-01C8-40B2-9E25-5065EF1D8C44}.Release|Any CPU.Build.0 = Release|Any CPU
		{8A6A29D6-8721-4A95-858D-BAD18F4F6F5D}.Debug|Any CPU.ActiveCfg = Debug|Any CPU
		{8A6A29D6-8721-4A95-858D-BAD18F4F6F5D}.Debug|Any CPU.Build.0 = Debug|Any CPU
		{8A6A29D6-8721-4A95-858D-BAD18F4F6F5D}.Release|Any CPU.ActiveCfg = Release|Any CPU
		{8A6A29D6-8721-4A95-858D-BAD18F4F6F5D}.Release|Any CPU.Build.0 = Release|Any CPU
>>>>>>> e28c0e1 (Создал библиотеку net standart 2.0)
	EndGlobalSection
	GlobalSection(SolutionProperties) = preSolution
		HideSolutionNode = FALSE
	EndGlobalSection
	GlobalSection(NestedProjects) = preSolution
		{35E0450C-1ABD-4163-9C56-44BC338F2F4F} = {2C9D4489-AE31-4DDA-97A7-E66A252A6909}
		{38D45655-FDE1-48F7-96D3-B19417C30218} = {159C018F-F493-417F-A7E7-3F2DB06C971D}
<<<<<<< HEAD
		{7CD44860-4BA7-4C4D-8708-F0D641A0F0DC} = {159C018F-F493-417F-A7E7-3F2DB06C971D}
=======
		{D5BFDAD7-8F74-4CA7-867B-FE8CCC822546} = {159C018F-F493-417F-A7E7-3F2DB06C971D}
		{BE7F4FC6-01C8-40B2-9E25-5065EF1D8C44} = {159C018F-F493-417F-A7E7-3F2DB06C971D}
		{8A6A29D6-8721-4A95-858D-BAD18F4F6F5D} = {159C018F-F493-417F-A7E7-3F2DB06C971D}
>>>>>>> e28c0e1 (Создал библиотеку net standart 2.0)
	EndGlobalSection
	GlobalSection(ExtensibilityGlobals) = postSolution
		SolutionGuid = {F2A78ADC-502B-4082-B3EB-210A2A0B1A9F}
	EndGlobalSection
EndGlobal
