
Microsoft Visual Studio Solution File, Format Version 12.00
# Visual Studio Version 16
VisualStudioVersion = 16.0.32002.261
MinimumVisualStudioVersion = 10.0.40219.1
Project("{FAE04EC0-301F-11D3-BF4B-00C04F79EFBC}") = "SiteFolder", "SiteFolder\SiteFolder.csproj", "{C081F5C3-75C8-4ED4-8A5A-4EF88B7F179C}"
EndProject
Project("{FAE04EC0-301F-11D3-BF4B-00C04F79EFBC}") = "СopyingSite", "СopyingSite\СopyingSite.csproj", "{E66E4855-FD51-4742-81B3-C0B2093C9DDA}"
EndProject
Global
	GlobalSection(SolutionConfigurationPlatforms) = preSolution
		Debug|Any CPU = Debug|Any CPU
		Release|Any CPU = Release|Any CPU
	EndGlobalSection
	GlobalSection(ProjectConfigurationPlatforms) = postSolution
		{C081F5C3-75C8-4ED4-8A5A-4EF88B7F179C}.Debug|Any CPU.ActiveCfg = Debug|Any CPU
		{C081F5C3-75C8-4ED4-8A5A-4EF88B7F179C}.Debug|Any CPU.Build.0 = Debug|Any CPU
		{C081F5C3-75C8-4ED4-8A5A-4EF88B7F179C}.Release|Any CPU.ActiveCfg = Release|Any CPU
		{C081F5C3-75C8-4ED4-8A5A-4EF88B7F179C}.Release|Any CPU.Build.0 = Release|Any CPU
		{E66E4855-FD51-4742-81B3-C0B2093C9DDA}.Debug|Any CPU.ActiveCfg = Debug|Any CPU
		{E66E4855-FD51-4742-81B3-C0B2093C9DDA}.Debug|Any CPU.Build.0 = Debug|Any CPU
		{E66E4855-FD51-4742-81B3-C0B2093C9DDA}.Release|Any CPU.ActiveCfg = Release|Any CPU
		{E66E4855-FD51-4742-81B3-C0B2093C9DDA}.Release|Any CPU.Build.0 = Release|Any CPU
	EndGlobalSection
	GlobalSection(SolutionProperties) = preSolution
		HideSolutionNode = FALSE
	EndGlobalSection
	GlobalSection(ExtensibilityGlobals) = postSolution
		SolutionGuid = {716C034D-4C50-46AC-9380-AD3312961C2F}
	EndGlobalSection
EndGlobal
