
Microsoft Visual Studio Solution File, Format Version 12.00
# Visual Studio Version 16
VisualStudioVersion = 16.0.32002.261
MinimumVisualStudioVersion = 10.0.40219.1
Project("{00D1A9C2-B5F0-4AF3-8072-F6C62B433612}") = "Northwind", "Northwind\Northwind.sqlproj", "{BD739B03-4B09-4BB9-BB23-CCE0E655BB66}"
EndProject
Global
	GlobalSection(SolutionConfigurationPlatforms) = preSolution
		Debug|Any CPU = Debug|Any CPU
		Release|Any CPU = Release|Any CPU
	EndGlobalSection
	GlobalSection(ProjectConfigurationPlatforms) = postSolution
		{BD739B03-4B09-4BB9-BB23-CCE0E655BB66}.Debug|Any CPU.ActiveCfg = Debug|Any CPU
		{BD739B03-4B09-4BB9-BB23-CCE0E655BB66}.Debug|Any CPU.Build.0 = Debug|Any CPU
		{BD739B03-4B09-4BB9-BB23-CCE0E655BB66}.Debug|Any CPU.Deploy.0 = Debug|Any CPU
		{BD739B03-4B09-4BB9-BB23-CCE0E655BB66}.Release|Any CPU.ActiveCfg = Release|Any CPU
		{BD739B03-4B09-4BB9-BB23-CCE0E655BB66}.Release|Any CPU.Build.0 = Release|Any CPU
		{BD739B03-4B09-4BB9-BB23-CCE0E655BB66}.Release|Any CPU.Deploy.0 = Release|Any CPU
	EndGlobalSection
	GlobalSection(SolutionProperties) = preSolution
		HideSolutionNode = FALSE
	EndGlobalSection
	GlobalSection(ExtensibilityGlobals) = postSolution
		SolutionGuid = {812513AC-8D5E-490D-AE87-A993430B6FAF}
	EndGlobalSection
EndGlobal
