
Microsoft Visual Studio Solution File, Format Version 12.00
# Visual Studio Version 16
VisualStudioVersion = 16.0.32002.261
MinimumVisualStudioVersion = 10.0.40219.1
Project("{FAE04EC0-301F-11D3-BF4B-00C04F79EFBC}") = "ProjectXML", "ProjectXML\ProjectXML.csproj", "{18DCA6F7-73E9-466C-BC12-DB8E61829212}"
EndProject
Project("{FAE04EC0-301F-11D3-BF4B-00C04F79EFBC}") = "ClassObjects", "ClassObjects\ClassObjects.csproj", "{AE91EFC9-D68B-49C5-B6F0-9A162B2293CE}"
EndProject
Global
	GlobalSection(SolutionConfigurationPlatforms) = preSolution
		Debug|Any CPU = Debug|Any CPU
		Release|Any CPU = Release|Any CPU
	EndGlobalSection
	GlobalSection(ProjectConfigurationPlatforms) = postSolution
		{18DCA6F7-73E9-466C-BC12-DB8E61829212}.Debug|Any CPU.ActiveCfg = Debug|Any CPU
		{18DCA6F7-73E9-466C-BC12-DB8E61829212}.Debug|Any CPU.Build.0 = Debug|Any CPU
		{18DCA6F7-73E9-466C-BC12-DB8E61829212}.Release|Any CPU.ActiveCfg = Release|Any CPU
		{18DCA6F7-73E9-466C-BC12-DB8E61829212}.Release|Any CPU.Build.0 = Release|Any CPU
		{AE91EFC9-D68B-49C5-B6F0-9A162B2293CE}.Debug|Any CPU.ActiveCfg = Debug|Any CPU
		{AE91EFC9-D68B-49C5-B6F0-9A162B2293CE}.Debug|Any CPU.Build.0 = Debug|Any CPU
		{AE91EFC9-D68B-49C5-B6F0-9A162B2293CE}.Release|Any CPU.ActiveCfg = Release|Any CPU
		{AE91EFC9-D68B-49C5-B6F0-9A162B2293CE}.Release|Any CPU.Build.0 = Release|Any CPU
	EndGlobalSection
	GlobalSection(SolutionProperties) = preSolution
		HideSolutionNode = FALSE
	EndGlobalSection
	GlobalSection(ExtensibilityGlobals) = postSolution
		SolutionGuid = {15CE379A-435F-484B-8C22-B490F08EF899}
	EndGlobalSection
EndGlobal
