
Microsoft Visual Studio Solution File, Format Version 12.00
# Visual Studio Version 16
VisualStudioVersion = 16.0.32002.261
MinimumVisualStudioVersion = 10.0.40219.1
Project("{FAE04EC0-301F-11D3-BF4B-00C04F79EFBC}") = "Entity_Framework", "Entity_Framework\Entity_Framework.csproj", "{0265BF1C-D616-4282-B87D-0126E7807C67}"
EndProject
Global
	GlobalSection(SolutionConfigurationPlatforms) = preSolution
		Debug|Any CPU = Debug|Any CPU
		Release|Any CPU = Release|Any CPU
	EndGlobalSection
	GlobalSection(ProjectConfigurationPlatforms) = postSolution
		{0265BF1C-D616-4282-B87D-0126E7807C67}.Debug|Any CPU.ActiveCfg = Debug|Any CPU
		{0265BF1C-D616-4282-B87D-0126E7807C67}.Debug|Any CPU.Build.0 = Debug|Any CPU
		{0265BF1C-D616-4282-B87D-0126E7807C67}.Release|Any CPU.ActiveCfg = Release|Any CPU
		{0265BF1C-D616-4282-B87D-0126E7807C67}.Release|Any CPU.Build.0 = Release|Any CPU
	EndGlobalSection
	GlobalSection(SolutionProperties) = preSolution
		HideSolutionNode = FALSE
	EndGlobalSection
	GlobalSection(ExtensibilityGlobals) = postSolution
		SolutionGuid = {63757AC1-7F4E-4F60-BC5D-06970B7231F2}
	EndGlobalSection
EndGlobal
