
Microsoft Visual Studio Solution File, Format Version 12.00
# Visual Studio Version 16
VisualStudioVersion = 16.0.32002.261
MinimumVisualStudioVersion = 10.0.40219.1
Project("{FAE04EC0-301F-11D3-BF4B-00C04F79EFBC}") = "DocumentHierarchy", "DocumentHierarchy.csproj", "{CEA5F2C5-DAE4-40A2-A2CD-54ACD963C1CD}"
EndProject
Global
	GlobalSection(SolutionConfigurationPlatforms) = preSolution
		Debug|Any CPU = Debug|Any CPU
		Release|Any CPU = Release|Any CPU
	EndGlobalSection
	GlobalSection(ProjectConfigurationPlatforms) = postSolution
		{CEA5F2C5-DAE4-40A2-A2CD-54ACD963C1CD}.Debug|Any CPU.ActiveCfg = Debug|Any CPU
		{CEA5F2C5-DAE4-40A2-A2CD-54ACD963C1CD}.Debug|Any CPU.Build.0 = Debug|Any CPU
		{CEA5F2C5-DAE4-40A2-A2CD-54ACD963C1CD}.Release|Any CPU.ActiveCfg = Release|Any CPU
		{CEA5F2C5-DAE4-40A2-A2CD-54ACD963C1CD}.Release|Any CPU.Build.0 = Release|Any CPU
	EndGlobalSection
	GlobalSection(SolutionProperties) = preSolution
		HideSolutionNode = FALSE
	EndGlobalSection
	GlobalSection(ExtensibilityGlobals) = postSolution
		SolutionGuid = {99BC1CC5-C065-4E7C-B3F5-4E697215292F}
	EndGlobalSection
EndGlobal
